PODS:
  - Alamofire (4.5.0)
  - HandyJSON (1.7.2)
  - Kingfisher (3.10.4)
  - SKPhotoBrowser (4.0.1)
  - SVProgressHUD (2.1.2)
  - ZLPhotoBrowser (2.3.0)

DEPENDENCIES:
  - Alamofire
  - HandyJSON
  - Kingfisher
  - SKPhotoBrowser
  - SVProgressHUD
  - ZLPhotoBrowser

SPEC CHECKSUMS:
  Alamofire: f28cdffd29de33a7bfa022cbd63ae95a27fae140
  HandyJSON: e7ad0483005826baba1d1c251cd98d0aa8bd8cce
  Kingfisher: dc3a4983e86d2dfa89513664983a82340c11a289
  SKPhotoBrowser: 3a7c6fc02aa1620ab17253a47a49fafda46536e8
  SVProgressHUD: c404a55d78acbeb7ebb78b76d3faf986475a6994
  ZLPhotoBrowser: d8a5fe846a35777f4a6ae4a1130b19e1cb8de8e0

PODFILE CHECKSUM: 5022fac73477cac9cca65eca5afd9c76d3d9dfc2

COCOAPODS: 1.2.1
